
Microsoft Visual Studio Solution File, Format Version 12.00
# Visual Studio 2013
VisualStudioVersion = 12.0.21005.1
MinimumVisualStudioVersion = 10.0.40219.1
Project("{FAE04EC0-301F-11D3-BF4B-00C04F79EFBC}") = "TCP_UDP_Check", "Bai 2\TCP_UDP_Check.csproj", "{98D87C22-318F-4572-8D54-8F4F657A8544}"
EndProject
Project("{FAE04EC0-301F-11D3-BF4B-00C04F79EFBC}") = "UDPServerTest", "UDPServerTest\UDPServerTest.csproj", "{095CEFD2-5C85-488B-A8CF-F06DB85E62E0}"
EndProject
Project("{FAE04EC0-301F-11D3-BF4B-00C04F79EFBC}") = "RemoteShutdownServer", "RemoteShutdownServer\RemoteShutdownServer.csproj", "{95721789-B4FD-4149-BB34-F5F75A3D4217}"
EndProject
Project("{FAE04EC0-301F-11D3-BF4B-00C04F79EFBC}") = "RemoteShutdownClient", "RemoteShutdownClient\RemoteShutdownClient.csproj", "{833DE012-0EFE-46D1-9DBA-90A2C122ACAF}"
EndProject
Project("{FAE04EC0-301F-11D3-BF4B-00C04F79EFBC}") = "DHCPServer", "DHCPServer\DHCPServer.csproj", "{F190F5B4-8070-4D44-A54E-9EB01BB4D599}"
EndProject
Project("{FAE04EC0-301F-11D3-BF4B-00C04F79EFBC}") = "DHCPClient", "DHCPClient\DHCPClient.csproj", "{CB07321B-BC0E-41EE-A68A-D5AB91F1B54E}"
EndProject
Project("{FAE04EC0-301F-11D3-BF4B-00C04F79EFBC}") = "ChatServer", "ChatServer\ChatServer.csproj", "{93E64084-A55E-4284-A130-B66B81E0B55C}"
EndProject
Project("{FAE04EC0-301F-11D3-BF4B-00C04F79EFBC}") = "ChatClient", "ChatClient\ChatClient.csproj", "{9818D389-4705-4CAD-985E-D99F95B3DC40}"
EndProject
Global
	GlobalSection(SolutionConfigurationPlatforms) = preSolution
		Debug|Any CPU = Debug|Any CPU
		Release|Any CPU = Release|Any CPU
	EndGlobalSection
	GlobalSection(ProjectConfigurationPlatforms) = postSolution
		{98D87C22-318F-4572-8D54-8F4F657A8544}.Debug|Any CPU.ActiveCfg = Debug|Any CPU
		{98D87C22-318F-4572-8D54-8F4F657A8544}.Debug|Any CPU.Build.0 = Debug|Any CPU
		{98D87C22-318F-4572-8D54-8F4F657A8544}.Release|Any CPU.ActiveCfg = Release|Any CPU
		{98D87C22-318F-4572-8D54-8F4F657A8544}.Release|Any CPU.Build.0 = Release|Any CPU
		{095CEFD2-5C85-488B-A8CF-F06DB85E62E0}.Debug|Any CPU.ActiveCfg = Debug|Any CPU
		{095CEFD2-5C85-488B-A8CF-F06DB85E62E0}.Debug|Any CPU.Build.0 = Debug|Any CPU
		{095CEFD2-5C85-488B-A8CF-F06DB85E62E0}.Release|Any CPU.ActiveCfg = Release|Any CPU
		{095CEFD2-5C85-488B-A8CF-F06DB85E62E0}.Release|Any CPU.Build.0 = Release|Any CPU
		{95721789-B4FD-4149-BB34-F5F75A3D4217}.Debug|Any CPU.ActiveCfg = Debug|Any CPU
		{95721789-B4FD-4149-BB34-F5F75A3D4217}.Debug|Any CPU.Build.0 = Debug|Any CPU
		{95721789-B4FD-4149-BB34-F5F75A3D4217}.Release|Any CPU.ActiveCfg = Release|Any CPU
		{95721789-B4FD-4149-BB34-F5F75A3D4217}.Release|Any CPU.Build.0 = Release|Any CPU
		{833DE012-0EFE-46D1-9DBA-90A2C122ACAF}.Debug|Any CPU.ActiveCfg = Debug|Any CPU
		{833DE012-0EFE-46D1-9DBA-90A2C122ACAF}.Debug|Any CPU.Build.0 = Debug|Any CPU
		{833DE012-0EFE-46D1-9DBA-90A2C122ACAF}.Release|Any CPU.ActiveCfg = Release|Any CPU
		{833DE012-0EFE-46D1-9DBA-90A2C122ACAF}.Release|Any CPU.Build.0 = Release|Any CPU
		{F190F5B4-8070-4D44-A54E-9EB01BB4D599}.Debug|Any CPU.ActiveCfg = Debug|Any CPU
		{F190F5B4-8070-4D44-A54E-9EB01BB4D599}.Debug|Any CPU.Build.0 = Debug|Any CPU
		{F190F5B4-8070-4D44-A54E-9EB01BB4D599}.Release|Any CPU.ActiveCfg = Release|Any CPU
		{F190F5B4-8070-4D44-A54E-9EB01BB4D599}.Release|Any CPU.Build.0 = Release|Any CPU
		{CB07321B-BC0E-41EE-A68A-D5AB91F1B54E}.Debug|Any CPU.ActiveCfg = Debug|Any CPU
		{CB07321B-BC0E-41EE-A68A-D5AB91F1B54E}.Debug|Any CPU.Build.0 = Debug|Any CPU
		{CB07321B-BC0E-41EE-A68A-D5AB91F1B54E}.Release|Any CPU.ActiveCfg = Release|Any CPU
		{CB07321B-BC0E-41EE-A68A-D5AB91F1B54E}.Release|Any CPU.Build.0 = Release|Any CPU
		{93E64084-A55E-4284-A130-B66B81E0B55C}.Debug|Any CPU.ActiveCfg = Debug|Any CPU
		{93E64084-A55E-4284-A130-B66B81E0B55C}.Debug|Any CPU.Build.0 = Debug|Any CPU
		{93E64084-A55E-4284-A130-B66B81E0B55C}.Release|Any CPU.ActiveCfg = Release|Any CPU
		{93E64084-A55E-4284-A130-B66B81E0B55C}.Release|Any CPU.Build.0 = Release|Any CPU
		{9818D389-4705-4CAD-985E-D99F95B3DC40}.Debug|Any CPU.ActiveCfg = Debug|Any CPU
		{9818D389-4705-4CAD-985E-D99F95B3DC40}.Debug|Any CPU.Build.0 = Debug|Any CPU
		{9818D389-4705-4CAD-985E-D99F95B3DC40}.Release|Any CPU.ActiveCfg = Release|Any CPU
		{9818D389-4705-4CAD-985E-D99F95B3DC40}.Release|Any CPU.Build.0 = Release|Any CPU
	EndGlobalSection
	GlobalSection(SolutionProperties) = preSolution
		HideSolutionNode = FALSE
	EndGlobalSection
EndGlobal
